
Microsoft Visual Studio Solution File, Format Version 12.00
# Visual Studio 15
VisualStudioVersion = 15.0.27130.2024
MinimumVisualStudioVersion = 10.0.40219.1
Project("{FAE04EC0-301F-11D3-BF4B-00C04F79EFBC}") = "UI.Web", "UI.Web\UI.Web.csproj", "{5C96043A-9DCC-4296-9BCE-7DE50C3107F3}"
EndProject
Global
	GlobalSection(SolutionConfigurationPlatforms) = preSolution
		Debug|Any CPU = Debug|Any CPU
		Release|Any CPU = Release|Any CPU
	EndGlobalSection
	GlobalSection(ProjectConfigurationPlatforms) = postSolution
		{5C96043A-9DCC-4296-9BCE-7DE50C3107F3}.Debug|Any CPU.ActiveCfg = Debug|Any CPU
		{5C96043A-9DCC-4296-9BCE-7DE50C3107F3}.Debug|Any CPU.Build.0 = Debug|Any CPU
		{5C96043A-9DCC-4296-9BCE-7DE50C3107F3}.Release|Any CPU.ActiveCfg = Release|Any CPU
		{5C96043A-9DCC-4296-9BCE-7DE50C3107F3}.Release|Any CPU.Build.0 = Release|Any CPU
	EndGlobalSection
	GlobalSection(SolutionProperties) = preSolution
		HideSolutionNode = FALSE
	EndGlobalSection
	GlobalSection(ExtensibilityGlobals) = postSolution
		SolutionGuid = {EB2935F6-D4D3-42B0-81D6-9C23F7EB2C45}
	EndGlobalSection
EndGlobal
